
Microsoft Visual Studio Solution File, Format Version 12.00
# Visual Studio 15
VisualStudioVersion = 15.0.28010.2046
MinimumVisualStudioVersion = 10.0.40219.1
Project("{9A19103F-16F7-4668-BE54-9A1E7A4F7556}") = "ExWebApiAutos", "ExWebApiAutos\ExWebApiAutos.csproj", "{CF078D5F-37F9-47ED-890F-E7F4B3C2EB45}"
EndProject
Project("{9A19103F-16F7-4668-BE54-9A1E7A4F7556}") = "Application", "Application\Application.csproj", "{6B976FF0-1C23-421C-9408-32FD7F26C568}"
EndProject
Project("{FAE04EC0-301F-11D3-BF4B-00C04F79EFBC}") = "Domain", "Domain\Domain.csproj", "{20319409-321A-42A4-BCE9-75584D64364F}"
EndProject
Global
	GlobalSection(SolutionConfigurationPlatforms) = preSolution
		Debug|Any CPU = Debug|Any CPU
		Release|Any CPU = Release|Any CPU
	EndGlobalSection
	GlobalSection(ProjectConfigurationPlatforms) = postSolution
		{CF078D5F-37F9-47ED-890F-E7F4B3C2EB45}.Debug|Any CPU.ActiveCfg = Debug|Any CPU
		{CF078D5F-37F9-47ED-890F-E7F4B3C2EB45}.Debug|Any CPU.Build.0 = Debug|Any CPU
		{CF078D5F-37F9-47ED-890F-E7F4B3C2EB45}.Release|Any CPU.ActiveCfg = Release|Any CPU
		{CF078D5F-37F9-47ED-890F-E7F4B3C2EB45}.Release|Any CPU.Build.0 = Release|Any CPU
		{6B976FF0-1C23-421C-9408-32FD7F26C568}.Debug|Any CPU.ActiveCfg = Debug|Any CPU
		{6B976FF0-1C23-421C-9408-32FD7F26C568}.Debug|Any CPU.Build.0 = Debug|Any CPU
		{6B976FF0-1C23-421C-9408-32FD7F26C568}.Release|Any CPU.ActiveCfg = Release|Any CPU
		{6B976FF0-1C23-421C-9408-32FD7F26C568}.Release|Any CPU.Build.0 = Release|Any CPU
		{20319409-321A-42A4-BCE9-75584D64364F}.Debug|Any CPU.ActiveCfg = Debug|Any CPU
		{20319409-321A-42A4-BCE9-75584D64364F}.Debug|Any CPU.Build.0 = Debug|Any CPU
		{20319409-321A-42A4-BCE9-75584D64364F}.Release|Any CPU.ActiveCfg = Release|Any CPU
		{20319409-321A-42A4-BCE9-75584D64364F}.Release|Any CPU.Build.0 = Release|Any CPU
	EndGlobalSection
	GlobalSection(SolutionProperties) = preSolution
		HideSolutionNode = FALSE
	EndGlobalSection
	GlobalSection(ExtensibilityGlobals) = postSolution
		SolutionGuid = {29289780-6E81-44C5-A90B-05457F862E8D}
	EndGlobalSection
EndGlobal
